
Microsoft Visual Studio Solution File, Format Version 12.00
# Visual Studio Version 16
VisualStudioVersion = 16.0.31515.178
MinimumVisualStudioVersion = 10.0.40219.1
Project("{FAE04EC0-301F-11D3-BF4B-00C04F79EFBC}") = "PixabayWinforms", "PixabayWinforms\PixabayWinforms.csproj", "{E3709F7C-D2A1-4F36-B127-28C529924F89}"
EndProject
Global
	GlobalSection(SolutionConfigurationPlatforms) = preSolution
		Debug|Any CPU = Debug|Any CPU
		Release|Any CPU = Release|Any CPU
	EndGlobalSection
	GlobalSection(ProjectConfigurationPlatforms) = postSolution
		{E3709F7C-D2A1-4F36-B127-28C529924F89}.Debug|Any CPU.ActiveCfg = Debug|Any CPU
		{E3709F7C-D2A1-4F36-B127-28C529924F89}.Debug|Any CPU.Build.0 = Debug|Any CPU
		{E3709F7C-D2A1-4F36-B127-28C529924F89}.Release|Any CPU.ActiveCfg = Release|Any CPU
		{E3709F7C-D2A1-4F36-B127-28C529924F89}.Release|Any CPU.Build.0 = Release|Any CPU
	EndGlobalSection
	GlobalSection(SolutionProperties) = preSolution
		HideSolutionNode = FALSE
	EndGlobalSection
	GlobalSection(ExtensibilityGlobals) = postSolution
		SolutionGuid = {48795389-8138-4ABB-B74B-E0E078301455}
	EndGlobalSection
EndGlobal
